%{
  "busybox": {:hex, :busybox, "0.1.4", "9b07860c0663e7d0ace3093100ede44860bd73c22b17c2941a4b17e25893cc36", [:make, :mix], [{:elixir_make, "~> 0.5", [hex: :elixir_make, repo: "hexpm", optional: false]}], "hexpm"},
  "circuits_uart": {:hex, :circuits_uart, "1.4.1", "f8151bfb5ac29fe2e791eec00bc6ec298fdb8fa81ddd80bdb0f9f2828f20d7b8", [:mix], [{:elixir_make, "~> 0.6", [hex: :elixir_make, repo: "hexpm", optional: false]}], "hexpm"},
  "dns": {:hex, :dns, "2.1.2", "81c46d39f7934f0e73368355126e4266762cf227ba61d5889635d83b2d64a493", [:mix], [{:socket, "~> 0.3.13", [hex: :socket, repo: "hexpm", optional: false]}], "hexpm"},
  "elixir_make": {:hex, :elixir_make, "0.6.0", "38349f3e29aff4864352084fc736fa7fa0f2995a819a737554f7ebd28b85aaab", [:mix], [], "hexpm"},
  "font_metrics": {:hex, :font_metrics, "0.3.1", "025ff9957040eb4d6430c306a4445bad5d9f43ec24448c1647df7cb63b5dd88c", [:mix], [{:msgpax, "~> 2.2", [hex: :msgpax, repo: "hexpm", optional: false]}], "hexpm"},
  "gen_state_machine": {:hex, :gen_state_machine, "2.0.5", "9ac15ec6e66acac994cc442dcc2c6f9796cf380ec4b08267223014be1c728a95", [:mix], [], "hexpm"},
  "input_event": {:hex, :input_event, "0.4.0", "377b6ec66829cf3448925455a3177bfdffdc6aee5db603493b24b04863e907f5", [:make, :mix], [{:elixir_make, "~> 0.4", [hex: :elixir_make, repo: "hexpm", optional: false]}], "hexpm"},
  "mdns_lite": {:hex, :mdns_lite, "0.6.2", "8e8abcf430c8c5d6e21a1e391a11ed53430128de42f565ec7dfe7e25b53ba0a9", [:mix], [{:dns, "~> 2.1", [hex: :dns, repo: "hexpm", optional: false]}, {:vintage_net, "~> 0.7", [hex: :vintage_net, repo: "hexpm", optional: true]}], "hexpm"},
  "msgpax": {:hex, :msgpax, "2.2.4", "7b3790ef684089076b63c0f08c2f4b079c6311daeb006b69e4ed2bf67518291e", [:mix], [{:plug, "~> 1.0", [hex: :plug, repo: "hexpm", optional: true]}], "hexpm"},
  "muontrap": {:hex, :muontrap, "0.5.1", "98fe96d0e616ee518860803a37a29eb23ffc2ca900047cb1bb7fd37521010093", [:make, :mix], [{:elixir_make, "~> 0.6", [hex: :elixir_make, repo: "hexpm", optional: false]}], "hexpm"},
  "nerves": {:hex, :nerves, "1.6.0", "57c39740659993a51a50184be2843f36f0df42d51e4ef0c1ccd4bd731b3710d8", [:mix], [{:distillery, "~> 2.1", [hex: :distillery, repo: "hexpm", optional: true]}, {:jason, "~> 1.0", [hex: :jason, repo: "hexpm", optional: true]}], "hexpm"},
  "nerves_firmware_ssh": {:hex, :nerves_firmware_ssh, "0.4.4", "12b0d9c84ec9f79c1b0ac0de1c575372ef972d0c58ce21c36bf354062c6222d9", [:mix], [{:nerves_runtime, "~> 0.6", [hex: :nerves_runtime, repo: "hexpm", optional: false]}], "hexpm"},
  "nerves_pack": {:hex, :nerves_pack, "0.3.0", "a8223c5c4502755dc161781c6e00ec84cfd2391d09ab030606c8b25b99643881", [:mix], [{:mdns_lite, "~> 0.6", [hex: :mdns_lite, repo: "hexpm", optional: false]}, {:nerves_firmware_ssh, "~> 0.4", [hex: :nerves_firmware_ssh, repo: "hexpm", optional: false]}, {:nerves_runtime, "~> 0.6", [hex: :nerves_runtime, repo: "hexpm", optional: false]}, {:nerves_time, "~> 0.3", [hex: :nerves_time, repo: "hexpm", optional: false]}, {:ring_logger, "~> 0.8", [hex: :ring_logger, repo: "hexpm", optional: false]}, {:vintage_net, "~> 0.7.0", [hex: :vintage_net, repo: "hexpm", optional: false]}, {:vintage_net_direct, "~> 0.7.0", [hex: :vintage_net_direct, repo: "hexpm", optional: false]}, {:vintage_net_ethernet, "~> 0.7.0", [hex: :vintage_net_ethernet, repo: "hexpm", optional: false]}, {:vintage_net_wifi, "~> 0.7.0", [hex: :vintage_net_wifi, repo: "hexpm", optional: false]}], "hexpm"},
  "nerves_runtime": {:hex, :nerves_runtime, "0.11.0", "96787c3935ec1a4943c8fcd63ce6ed1f2301f5f28eac41db800f3fafe0043f1f", [:make, :mix], [{:elixir_make, "~> 0.6", [hex: :elixir_make, repo: "hexpm", optional: false]}, {:system_registry, "~> 0.8.0", [hex: :system_registry, repo: "hexpm", optional: false]}, {:uboot_env, "~> 0.1.1", [hex: :uboot_env, repo: "hexpm", optional: false]}], "hexpm"},
  "nerves_system_br": {:hex, :nerves_system_br, "1.11.0", "a241428996c85dfbe789a9926c840e1aa836daea58f88101735e88395c67567c", [:mix], [], "hexpm"},
  "nerves_system_linter": {:hex, :nerves_system_linter, "0.3.0", "84e0f63c8ac196b16b77608bbe7df66dcf352845c4e4fb394bffd2b572025413", [:mix], [], "hexpm"},
  "nerves_system_rpi3": {:hex, :nerves_system_rpi3, "1.11.0", "2c970d4240ecdba8758f552559e2276336db46c8e3699c59d6c459a0fac9bfcb", [:mix], [{:nerves, "~> 1.5.4 or ~> 1.6.0", [hex: :nerves, repo: "hexpm", optional: false]}, {:nerves_system_br, "1.11.0", [hex: :nerves_system_br, repo: "hexpm", optional: false]}, {:nerves_system_linter, "~> 0.3.0", [hex: :nerves_system_linter, repo: "hexpm", optional: false]}, {:nerves_toolchain_arm_unknown_linux_gnueabihf, "~> 1.3.0", [hex: :nerves_toolchain_arm_unknown_linux_gnueabihf, repo: "hexpm", optional: false]}], "hexpm"},
  "nerves_system_rpi3a": {:hex, :nerves_system_rpi3a, "1.11.0", "3ecb2acde073959d7217cb38b2b056d9cd2de33f25948f2b81ca60f631c3fa35", [:mix], [{:nerves, "~> 1.5.4 or ~> 1.6.0", [hex: :nerves, repo: "hexpm", optional: false]}, {:nerves_system_br, "1.11.0", [hex: :nerves_system_br, repo: "hexpm", optional: false]}, {:nerves_system_linter, "~> 0.3.0", [hex: :nerves_system_linter, repo: "hexpm", optional: false]}, {:nerves_toolchain_arm_unknown_linux_gnueabihf, "~> 1.3.0", [hex: :nerves_toolchain_arm_unknown_linux_gnueabihf, repo: "hexpm", optional: false]}], "hexpm"},
  "nerves_time": {:hex, :nerves_time, "0.4.1", "b9fa73af7592f9fa7bad32f2c8ae655f9209dbc67f534c4f0532ec354a95dd7a", [:make, :mix], [{:elixir_make, "~> 0.6", [hex: :elixir_make, repo: "hexpm", optional: false]}, {:muontrap, "~> 0.5", [hex: :muontrap, repo: "hexpm", optional: false]}], "hexpm"},
  "nerves_toolchain_arm_unknown_linux_gnueabihf": {:hex, :nerves_toolchain_arm_unknown_linux_gnueabihf, "1.3.1", "17ff2d9583be18cdf09ffc35bad35ad9767d3021d5f08361fc99b5818134a244", [:mix], [{:nerves, "~> 1.0", [hex: :nerves, repo: "hexpm", optional: false]}, {:nerves_toolchain_ctng, "~> 1.7.1", [hex: :nerves_toolchain_ctng, repo: "hexpm", optional: false]}], "hexpm"},
  "nerves_toolchain_ctng": {:hex, :nerves_toolchain_ctng, "1.7.1", "41af5f00e0d6c9086a3a1429d1513e26f11cb854831f6537f66e08a3fedb68d8", [:mix], [{:nerves, "~> 1.0", [hex: :nerves, repo: "hexpm", optional: false]}], "hexpm"},
  "one_dhcpd": {:hex, :one_dhcpd, "0.2.4", "2664f2e1ac72cbae0474a88d1a3d55019ccc3ee582ded382589511627a8ed516", [:make, :mix], [{:elixir_make, "~> 0.6", [hex: :elixir_make, repo: "hexpm", optional: false]}], "hexpm"},
  "ring_logger": {:hex, :ring_logger, "0.8.0", "b1baddc269099b2afe2ea3a87b8e2b71e57331c0000038ae55090068aac679db", [:mix], [], "hexpm"},
  "scenic": {:hex, :scenic, "0.10.2", "f4f0a00eed677ac50a7b297375c0323d03f4273580f17c50b877abfaf0c6dc1f", [:make, :mix], [{:elixir_make, "~> 0.5", [hex: :elixir_make, repo: "hexpm", optional: false]}, {:font_metrics, "~> 0.3", [hex: :font_metrics, repo: "hexpm", optional: false]}], "hexpm"},
  "scenic_driver_glfw": {:hex, :scenic_driver_glfw, "0.10.1", "df7a11bc1d23415dd48c7796a70a6ad98b9cf77554078d79115d6c6e58b87eda", [:make, :mix], [{:elixir_make, "~> 0.6", [hex: :elixir_make, repo: "hexpm", optional: false]}, {:scenic, "~> 0.10", [hex: :scenic, repo: "hexpm", optional: false]}], "hexpm"},
  "scenic_driver_nerves_rpi": {:hex, :scenic_driver_nerves_rpi, "0.10.1", "1479d24b9e91e989eef28d6bc6be6cb864e7a60cfb831bef53ead6a37b1502ac", [:make, :mix], [{:elixir_make, "~> 0.6", [hex: :elixir_make, repo: "hexpm", optional: false]}, {:scenic, "~> 0.10", [hex: :scenic, repo: "hexpm", optional: false]}], "hexpm"},
  "scenic_driver_nerves_touch": {:hex, :scenic_driver_nerves_touch, "0.10.0", "853c51ef9f7a86d40fed549e868e0bb66019969eb91d53d72b44bb95b0c8ef97", [:mix], [{:input_event, "~> 0.4", [hex: :input_event, repo: "hexpm", optional: false]}, {:scenic, "~> 0.10", [hex: :scenic, repo: "hexpm", optional: false]}], "hexpm"},
  "shoehorn": {:hex, :shoehorn, "0.6.0", "f9a1b7d6212cf18ba91c4f71c26076059df33cea4db2eb3c098bfa6673349412", [:mix], [{:distillery, "~> 2.1", [hex: :distillery, repo: "hexpm", optional: true]}], "hexpm"},
  "socket": {:hex, :socket, "0.3.13", "98a2ab20ce17f95fb512c5cadddba32b57273e0d2dba2d2e5f976c5969d0c632", [:mix], [], "hexpm"},
  "system_registry": {:hex, :system_registry, "0.8.2", "df791dc276652fcfb53be4dab823e05f8269b96ac57c26f86a67838dbc0eefe7", [:mix], [], "hexpm"},
  "toolshed": {:hex, :toolshed, "0.2.11", "0cd5312bd6a48f5b654b6ffa9239a63af9f3d200da414790fe25f066e14842a9", [:mix], [{:nerves_runtime, "~> 0.8", [hex: :nerves_runtime, repo: "hexpm", optional: true]}], "hexpm"},
  "uboot_env": {:hex, :uboot_env, "0.1.1", "b01e3ec0973e99473234f27839e29e63b5b81eba6a136a18a78d049d4813d6c5", [:mix], [], "hexpm"},
  "vintage_net": {:hex, :vintage_net, "0.7.6", "9bbd8825d6305576b33f494e9446c34cce87f191c85088a23c607a4a482f2a69", [:make, :mix], [{:busybox, "~> 0.1.4", [hex: :busybox, repo: "hexpm", optional: true]}, {:elixir_make, "~> 0.6", [hex: :elixir_make, repo: "hexpm", optional: false]}, {:gen_state_machine, "~> 2.0.0", [hex: :gen_state_machine, repo: "hexpm", optional: false]}, {:muontrap, "~> 0.5.1", [hex: :muontrap, repo: "hexpm", optional: false]}], "hexpm"},
  "vintage_net_direct": {:hex, :vintage_net_direct, "0.7.0", "6a8d95432fc2fb9a9e0225bf1a6dbb7c1ba097bb509a989e947ad3f44d2b0f28", [:mix], [{:one_dhcpd, "~> 0.2.3", [hex: :one_dhcpd, repo: "hexpm", optional: false]}, {:vintage_net, "~> 0.7.0", [hex: :vintage_net, repo: "hexpm", optional: false]}], "hexpm"},
  "vintage_net_ethernet": {:hex, :vintage_net_ethernet, "0.7.0", "b66a4da0846b4a55a471d15d8ab2bedbbef9c75c18f4e511c43777f7cfeffa09", [:mix], [{:vintage_net, "~> 0.7.0", [hex: :vintage_net, repo: "hexpm", optional: false]}], "hexpm"},
  "vintage_net_wifi": {:hex, :vintage_net_wifi, "0.7.0", "be3d8275fa40ba357159033523606c74c8f612dbd60801840df60835453a6906", [:make, :mix], [{:elixir_make, "~> 0.6", [hex: :elixir_make, repo: "hexpm", optional: false]}, {:vintage_net, "~> 0.7.0", [hex: :vintage_net, repo: "hexpm", optional: false]}], "hexpm"},
}
